
Microsoft Visual Studio Solution File, Format Version 11.00
# Visual Studio 2010
Project("{FAE04EC0-301F-11D3-BF4B-00C04F79EFBC}") = "MovieFinder.Client", "MovieSearch.Client\MovieFinder.Client.csproj", "{3FE4BFD2-8511-4943-BCCC-7471EB4FBF44}"
EndProject
Project("{2150E333-8FDC-42A3-9474-1A3956D46DE8}") = "Tools", "Tools", "{AD277302-6CB9-4B09-BDC7-D32CB688DC1D}"
EndProject
Project("{FAE04EC0-301F-11D3-BF4B-00C04F79EFBC}") = "MovieFinder.Scraper", "MovieFinder.Scraper\MovieFinder.Scraper.csproj", "{D9910073-2FFF-4334-BFA2-709824F624F3}"
EndProject
Project("{FAE04EC0-301F-11D3-BF4B-00C04F79EFBC}") = "MovieFinder.Test", "MovieFinder.Test\MovieFinder.Test.csproj", "{DF5455AB-DEC9-4AA0-9D0C-E6D911EEF390}"
EndProject
Project("{2150E333-8FDC-42A3-9474-1A3956D46DE8}") = "Solution Items", "Solution Items", "{F433ABFE-7D25-4770-AB2C-2B14899B9C27}"
	ProjectSection(SolutionItems) = preProject
		Local.testsettings = Local.testsettings
		MovieSearch.vsmdi = MovieSearch.vsmdi
		TraceAndTestImpact.testsettings = TraceAndTestImpact.testsettings
	EndProjectSection
EndProject
Project("{FAE04EC0-301F-11D3-BF4B-00C04F79EFBC}") = "MovieFinder.Data", "MovieFinder.Data\MovieFinder.Data.csproj", "{70784D58-80D0-473E-AE15-3F80077AC1AA}"
EndProject
Project("{FAE04EC0-301F-11D3-BF4B-00C04F79EFBC}") = "MovieFinder.ScraperClient", "MovieFinder.ScraperClient\MovieFinder.ScraperClient.csproj", "{BE7E79D1-1B37-4784-9BF1-112F4E9B53F5}"
EndProject
Project("{FAE04EC0-301F-11D3-BF4B-00C04F79EFBC}") = "MovieFinder.Web", "MovieFinder.Web\MovieFinder.Web.csproj", "{5863F883-B4B5-4325-A73A-230A04086115}"
EndProject
Project("{FAE04EC0-301F-11D3-BF4B-00C04F79EFBC}") = "MovieFinder.UpService", "MovieFinder.UpService\MovieFinder.UpService.csproj", "{50312C1C-ADFA-4802-BF62-E03A53694B9C}"
EndProject
Project("{FAE04EC0-301F-11D3-BF4B-00C04F79EFBC}") = "MovieFinder.Setup", "MovieFinder.Setup\MovieFinder.Setup.csproj", "{64376B99-90E4-40EE-A20A-68D97C8B1835}"
EndProject
Project("{FAE04EC0-301F-11D3-BF4B-00C04F79EFBC}") = "BlueTube.Viewer", "MovieFinder.Viewer\BlueTube.Viewer.csproj", "{F0BCE1B5-7734-4D68-B577-C161B4CC50CC}"
EndProject
Project("{FAE04EC0-301F-11D3-BF4B-00C04F79EFBC}") = "MovieFinder.Test.Forms", "MovieFinder.Test.Forms\MovieFinder.Test.Forms.csproj", "{DAA7B32B-75DD-4471-8AE0-785E2ABF0AD4}"
EndProject
Project("{FAE04EC0-301F-11D3-BF4B-00C04F79EFBC}") = "Client.Scraper", "MovieFinder.Client.Scraper\Client.Scraper.csproj", "{937D938A-DA5A-410C-A972-161E2E93A83D}"
EndProject
Project("{2150E333-8FDC-42A3-9474-1A3956D46DE8}") = "BlueTube", "BlueTube", "{600EE206-13CF-4A86-82EA-894E87A26C45}"
EndProject
Project("{FAE04EC0-301F-11D3-BF4B-00C04F79EFBC}") = "BlueTube.UpService", "MaxTube.UpService\BlueTube.UpService.csproj", "{C8E6303A-F86E-491A-A291-BA307290D994}"
EndProject
Project("{54435603-DBB4-11D2-8724-00A0C9A8B90C}") = "Bluetube.Setup", "Maxtube.Setup\Maxtube.Setup.vdproj", "{FC65CE61-C4D3-4380-8CEA-316311BC6271}"
EndProject
Project("{FAE04EC0-301F-11D3-BF4B-00C04F79EFBC}") = "Bluetube.Installer", "Bluetube.Installer\Bluetube.Installer.csproj", "{4E2AE830-400F-4524-96FE-A8FE847FCF02}"
EndProject
Project("{54435603-DBB4-11D2-8724-00A0C9A8B90C}") = "MovieFinder.Installer", "MovieFinder.Installer\MovieFinder.Installer.vdproj", "{9B19A36D-B5EA-4AA2-99B1-35CC9BAE5F0C}"
EndProject
Project("{FAE04EC0-301F-11D3-BF4B-00C04F79EFBC}") = "BlueTube.Web", "BlueTube.Web\BlueTube.Web.csproj", "{24D045C9-0944-4165-B98A-D701543C72E6}"
EndProject
Project("{2150E333-8FDC-42A3-9474-1A3956D46DE8}") = "MovieTube", "MovieTube", "{089E3DF9-9DFC-4402-8006-0C892AB9C5F8}"
EndProject
Project("{FAE04EC0-301F-11D3-BF4B-00C04F79EFBC}") = "MovieTube.Viewer", "MovieTube.Viewer\MovieTube.Viewer.csproj", "{78B486B3-1CA9-49E8-A5DD-051396715D68}"
EndProject
Project("{FAE04EC0-301F-11D3-BF4B-00C04F79EFBC}") = "MovieTube.Client.Scraper", "MovieTube.Client.Scraper\MovieTube.Client.Scraper.csproj", "{E5CA4EC7-98D8-4C68-B311-C2DA50B5BFFC}"
EndProject
Project("{54435603-DBB4-11D2-8724-00A0C9A8B90C}") = "MovieTube.Setup", "MovieTube.Setup\MovieTube.Setup.vdproj", "{70BD2AF2-4C21-48CE-B3D0-D52E2E290E6F}"
EndProject
Project("{FAE04EC0-301F-11D3-BF4B-00C04F79EFBC}") = "MovieTube.UpService", "MovieTube.UpService\MovieTube.UpService.csproj", "{D087DF66-9B8F-4BB1-AE43-7AB5789E176F}"
EndProject
Project("{FAE04EC0-301F-11D3-BF4B-00C04F79EFBC}") = "MovieTube.Installer", "MovieTube.Installer\MovieTube.Installer.csproj", "{C8305FA7-62EE-4599-B509-F1BEFFD51986}"
EndProject
Project("{FAE04EC0-301F-11D3-BF4B-00C04F79EFBC}") = "MovieTube.Setup.Updater", "MovieTube.Setup.Updater\MovieTube.Setup.Updater.csproj", "{7CF76C6F-56D4-41B0-B948-34DE1ECE518D}"
EndProject
Project("{2150E333-8FDC-42A3-9474-1A3956D46DE8}") = "MovieFinder", "MovieFinder", "{E2018A68-DD83-47E2-B98A-2F66550C8FA4}"
EndProject
Project("{FAE04EC0-301F-11D3-BF4B-00C04F79EFBC}") = "MovieTube.Downloader", "MovieTube.Downloader\MovieTube.Downloader.csproj", "{91CB8E12-A37C-475A-ADC8-4AFE53B476C5}"
EndProject
Project("{FAE04EC0-301F-11D3-BF4B-00C04F79EFBC}") = "MovieTube.Web", "MovieTube.Web\MovieTube.Web.csproj", "{437AE1DE-D42A-481E-95DB-5AEC373F79B6}"
EndProject
Global
	GlobalSection(TestCaseManagementSettings) = postSolution
		CategoryFile = MovieSearch.vsmdi
	EndGlobalSection
	GlobalSection(SolutionConfigurationPlatforms) = preSolution
		CD_ROM|Any CPU = CD_ROM|Any CPU
		CD_ROM|Mixed Platforms = CD_ROM|Mixed Platforms
		CD_ROM|x86 = CD_ROM|x86
		Debug|Any CPU = Debug|Any CPU
		Debug|Mixed Platforms = Debug|Mixed Platforms
		Debug|x86 = Debug|x86
		DVD-5|Any CPU = DVD-5|Any CPU
		DVD-5|Mixed Platforms = DVD-5|Mixed Platforms
		DVD-5|x86 = DVD-5|x86
		Release|Any CPU = Release|Any CPU
		Release|Mixed Platforms = Release|Mixed Platforms
		Release|x86 = Release|x86
		SingleImage|Any CPU = SingleImage|Any CPU
		SingleImage|Mixed Platforms = SingleImage|Mixed Platforms
		SingleImage|x86 = SingleImage|x86
	EndGlobalSection
	GlobalSection(ProjectConfigurationPlatforms) = postSolution
		{3FE4BFD2-8511-4943-BCCC-7471EB4FBF44}.CD_ROM|Any CPU.ActiveCfg = Release|x86
		{3FE4BFD2-8511-4943-BCCC-7471EB4FBF44}.CD_ROM|Mixed Platforms.ActiveCfg = Release|x86
		{3FE4BFD2-8511-4943-BCCC-7471EB4FBF44}.CD_ROM|Mixed Platforms.Build.0 = Release|x86
		{3FE4BFD2-8511-4943-BCCC-7471EB4FBF44}.CD_ROM|x86.ActiveCfg = Release|x86
		{3FE4BFD2-8511-4943-BCCC-7471EB4FBF44}.CD_ROM|x86.Build.0 = Release|x86
		{3FE4BFD2-8511-4943-BCCC-7471EB4FBF44}.Debug|Any CPU.ActiveCfg = Debug|x86
		{3FE4BFD2-8511-4943-BCCC-7471EB4FBF44}.Debug|Mixed Platforms.ActiveCfg = Debug|x86
		{3FE4BFD2-8511-4943-BCCC-7471EB4FBF44}.Debug|Mixed Platforms.Build.0 = Debug|x86
		{3FE4BFD2-8511-4943-BCCC-7471EB4FBF44}.Debug|x86.ActiveCfg = Debug|x86
		{3FE4BFD2-8511-4943-BCCC-7471EB4FBF44}.Debug|x86.Build.0 = Debug|x86
		{3FE4BFD2-8511-4943-BCCC-7471EB4FBF44}.DVD-5|Any CPU.ActiveCfg = Debug|x86
		{3FE4BFD2-8511-4943-BCCC-7471EB4FBF44}.DVD-5|Mixed Platforms.ActiveCfg = Debug|x86
		{3FE4BFD2-8511-4943-BCCC-7471EB4FBF44}.DVD-5|Mixed Platforms.Build.0 = Debug|x86
		{3FE4BFD2-8511-4943-BCCC-7471EB4FBF44}.DVD-5|x86.ActiveCfg = Debug|x86
		{3FE4BFD2-8511-4943-BCCC-7471EB4FBF44}.DVD-5|x86.Build.0 = Debug|x86
		{3FE4BFD2-8511-4943-BCCC-7471EB4FBF44}.Release|Any CPU.ActiveCfg = Release|x86
		{3FE4BFD2-8511-4943-BCCC-7471EB4FBF44}.Release|Mixed Platforms.ActiveCfg = Release|x86
		{3FE4BFD2-8511-4943-BCCC-7471EB4FBF44}.Release|Mixed Platforms.Build.0 = Release|x86
		{3FE4BFD2-8511-4943-BCCC-7471EB4FBF44}.Release|x86.ActiveCfg = Release|x86
		{3FE4BFD2-8511-4943-BCCC-7471EB4FBF44}.Release|x86.Build.0 = Release|x86
		{3FE4BFD2-8511-4943-BCCC-7471EB4FBF44}.SingleImage|Any CPU.ActiveCfg = Release|x86
		{3FE4BFD2-8511-4943-BCCC-7471EB4FBF44}.SingleImage|Mixed Platforms.ActiveCfg = Release|x86
		{3FE4BFD2-8511-4943-BCCC-7471EB4FBF44}.SingleImage|Mixed Platforms.Build.0 = Release|x86
		{3FE4BFD2-8511-4943-BCCC-7471EB4FBF44}.SingleImage|x86.ActiveCfg = Release|x86
		{3FE4BFD2-8511-4943-BCCC-7471EB4FBF44}.SingleImage|x86.Build.0 = Release|x86
		{D9910073-2FFF-4334-BFA2-709824F624F3}.CD_ROM|Any CPU.ActiveCfg = Release|Any CPU
		{D9910073-2FFF-4334-BFA2-709824F624F3}.CD_ROM|Any CPU.Build.0 = Release|Any CPU
		{D9910073-2FFF-4334-BFA2-709824F624F3}.CD_ROM|Mixed Platforms.ActiveCfg = Release|Any CPU
		{D9910073-2FFF-4334-BFA2-709824F624F3}.CD_ROM|Mixed Platforms.Build.0 = Release|Any CPU
		{D9910073-2FFF-4334-BFA2-709824F624F3}.CD_ROM|x86.ActiveCfg = Release|Any CPU
		{D9910073-2FFF-4334-BFA2-709824F624F3}.Debug|Any CPU.ActiveCfg = Debug|Any CPU
		{D9910073-2FFF-4334-BFA2-709824F624F3}.Debug|Any CPU.Build.0 = Debug|Any CPU
		{D9910073-2FFF-4334-BFA2-709824F624F3}.Debug|Mixed Platforms.ActiveCfg = Debug|Any CPU
		{D9910073-2FFF-4334-BFA2-709824F624F3}.Debug|Mixed Platforms.Build.0 = Debug|Any CPU
		{D9910073-2FFF-4334-BFA2-709824F624F3}.Debug|x86.ActiveCfg = Debug|Any CPU
		{D9910073-2FFF-4334-BFA2-709824F624F3}.DVD-5|Any CPU.ActiveCfg = Debug|Any CPU
		{D9910073-2FFF-4334-BFA2-709824F624F3}.DVD-5|Any CPU.Build.0 = Debug|Any CPU
		{D9910073-2FFF-4334-BFA2-709824F624F3}.DVD-5|Mixed Platforms.ActiveCfg = Debug|Any CPU
		{D9910073-2FFF-4334-BFA2-709824F624F3}.DVD-5|Mixed Platforms.Build.0 = Debug|Any CPU
		{D9910073-2FFF-4334-BFA2-709824F624F3}.DVD-5|x86.ActiveCfg = Debug|Any CPU
		{D9910073-2FFF-4334-BFA2-709824F624F3}.Release|Any CPU.ActiveCfg = Release|Any CPU
		{D9910073-2FFF-4334-BFA2-709824F624F3}.Release|Any CPU.Build.0 = Release|Any CPU
		{D9910073-2FFF-4334-BFA2-709824F624F3}.Release|Mixed Platforms.ActiveCfg = Release|Any CPU
		{D9910073-2FFF-4334-BFA2-709824F624F3}.Release|Mixed Platforms.Build.0 = Release|Any CPU
		{D9910073-2FFF-4334-BFA2-709824F624F3}.Release|x86.ActiveCfg = Release|Any CPU
		{D9910073-2FFF-4334-BFA2-709824F624F3}.SingleImage|Any CPU.ActiveCfg = Release|Any CPU
		{D9910073-2FFF-4334-BFA2-709824F624F3}.SingleImage|Any CPU.Build.0 = Release|Any CPU
		{D9910073-2FFF-4334-BFA2-709824F624F3}.SingleImage|Mixed Platforms.ActiveCfg = Release|Any CPU
		{D9910073-2FFF-4334-BFA2-709824F624F3}.SingleImage|Mixed Platforms.Build.0 = Release|Any CPU
		{D9910073-2FFF-4334-BFA2-709824F624F3}.SingleImage|x86.ActiveCfg = Release|Any CPU
		{DF5455AB-DEC9-4AA0-9D0C-E6D911EEF390}.CD_ROM|Any CPU.ActiveCfg = Release|Any CPU
		{DF5455AB-DEC9-4AA0-9D0C-E6D911EEF390}.CD_ROM|Any CPU.Build.0 = Release|Any CPU
		{DF5455AB-DEC9-4AA0-9D0C-E6D911EEF390}.CD_ROM|Mixed Platforms.ActiveCfg = Release|Any CPU
		{DF5455AB-DEC9-4AA0-9D0C-E6D911EEF390}.CD_ROM|Mixed Platforms.Build.0 = Release|Any CPU
		{DF5455AB-DEC9-4AA0-9D0C-E6D911EEF390}.CD_ROM|x86.ActiveCfg = Release|Any CPU
		{DF5455AB-DEC9-4AA0-9D0C-E6D911EEF390}.Debug|Any CPU.ActiveCfg = Debug|Any CPU
		{DF5455AB-DEC9-4AA0-9D0C-E6D911EEF390}.Debug|Any CPU.Build.0 = Debug|Any CPU
		{DF5455AB-DEC9-4AA0-9D0C-E6D911EEF390}.Debug|Mixed Platforms.ActiveCfg = Debug|Any CPU
		{DF5455AB-DEC9-4AA0-9D0C-E6D911EEF390}.Debug|Mixed Platforms.Build.0 = Debug|Any CPU
		{DF5455AB-DEC9-4AA0-9D0C-E6D911EEF390}.Debug|x86.ActiveCfg = Debug|Any CPU
		{DF5455AB-DEC9-4AA0-9D0C-E6D911EEF390}.DVD-5|Any CPU.ActiveCfg = Debug|Any CPU
		{DF5455AB-DEC9-4AA0-9D0C-E6D911EEF390}.DVD-5|Any CPU.Build.0 = Debug|Any CPU
		{DF5455AB-DEC9-4AA0-9D0C-E6D911EEF390}.DVD-5|Mixed Platforms.ActiveCfg = Debug|Any CPU
		{DF5455AB-DEC9-4AA0-9D0C-E6D911EEF390}.DVD-5|Mixed Platforms.Build.0 = Debug|Any CPU
		{DF5455AB-DEC9-4AA0-9D0C-E6D911EEF390}.DVD-5|x86.ActiveCfg = Debug|Any CPU
		{DF5455AB-DEC9-4AA0-9D0C-E6D911EEF390}.Release|Any CPU.ActiveCfg = Release|Any CPU
		{DF5455AB-DEC9-4AA0-9D0C-E6D911EEF390}.Release|Any CPU.Build.0 = Release|Any CPU
		{DF5455AB-DEC9-4AA0-9D0C-E6D911EEF390}.Release|Mixed Platforms.ActiveCfg = Release|Any CPU
		{DF5455AB-DEC9-4AA0-9D0C-E6D911EEF390}.Release|Mixed Platforms.Build.0 = Release|Any CPU
		{DF5455AB-DEC9-4AA0-9D0C-E6D911EEF390}.Release|x86.ActiveCfg = Release|Any CPU
		{DF5455AB-DEC9-4AA0-9D0C-E6D911EEF390}.SingleImage|Any CPU.ActiveCfg = Release|Any CPU
		{DF5455AB-DEC9-4AA0-9D0C-E6D911EEF390}.SingleImage|Any CPU.Build.0 = Release|Any CPU
		{DF5455AB-DEC9-4AA0-9D0C-E6D911EEF390}.SingleImage|Mixed Platforms.ActiveCfg = Release|Any CPU
		{DF5455AB-DEC9-4AA0-9D0C-E6D911EEF390}.SingleImage|Mixed Platforms.Build.0 = Release|Any CPU
		{DF5455AB-DEC9-4AA0-9D0C-E6D911EEF390}.SingleImage|x86.ActiveCfg = Release|Any CPU
		{70784D58-80D0-473E-AE15-3F80077AC1AA}.CD_ROM|Any CPU.ActiveCfg = Release|Any CPU
		{70784D58-80D0-473E-AE15-3F80077AC1AA}.CD_ROM|Any CPU.Build.0 = Release|Any CPU
		{70784D58-80D0-473E-AE15-3F80077AC1AA}.CD_ROM|Mixed Platforms.ActiveCfg = Release|Any CPU
		{70784D58-80D0-473E-AE15-3F80077AC1AA}.CD_ROM|Mixed Platforms.Build.0 = Release|Any CPU
		{70784D58-80D0-473E-AE15-3F80077AC1AA}.CD_ROM|x86.ActiveCfg = Release|Any CPU
		{70784D58-80D0-473E-AE15-3F80077AC1AA}.Debug|Any CPU.ActiveCfg = Debug|Any CPU
		{70784D58-80D0-473E-AE15-3F80077AC1AA}.Debug|Any CPU.Build.0 = Debug|Any CPU
		{70784D58-80D0-473E-AE15-3F80077AC1AA}.Debug|Mixed Platforms.ActiveCfg = Debug|Any CPU
		{70784D58-80D0-473E-AE15-3F80077AC1AA}.Debug|Mixed Platforms.Build.0 = Debug|Any CPU
		{70784D58-80D0-473E-AE15-3F80077AC1AA}.Debug|x86.ActiveCfg = Debug|Any CPU
		{70784D58-80D0-473E-AE15-3F80077AC1AA}.DVD-5|Any CPU.ActiveCfg = Debug|Any CPU
		{70784D58-80D0-473E-AE15-3F80077AC1AA}.DVD-5|Any CPU.Build.0 = Debug|Any CPU
		{70784D58-80D0-473E-AE15-3F80077AC1AA}.DVD-5|Mixed Platforms.ActiveCfg = Debug|Any CPU
		{70784D58-80D0-473E-AE15-3F80077AC1AA}.DVD-5|Mixed Platforms.Build.0 = Debug|Any CPU
		{70784D58-80D0-473E-AE15-3F80077AC1AA}.DVD-5|x86.ActiveCfg = Debug|Any CPU
		{70784D58-80D0-473E-AE15-3F80077AC1AA}.Release|Any CPU.ActiveCfg = Release|Any CPU
		{70784D58-80D0-473E-AE15-3F80077AC1AA}.Release|Any CPU.Build.0 = Release|Any CPU
		{70784D58-80D0-473E-AE15-3F80077AC1AA}.Release|Mixed Platforms.ActiveCfg = Release|Any CPU
		{70784D58-80D0-473E-AE15-3F80077AC1AA}.Release|Mixed Platforms.Build.0 = Release|Any CPU
		{70784D58-80D0-473E-AE15-3F80077AC1AA}.Release|x86.ActiveCfg = Release|Any CPU
		{70784D58-80D0-473E-AE15-3F80077AC1AA}.SingleImage|Any CPU.ActiveCfg = Release|Any CPU
		{70784D58-80D0-473E-AE15-3F80077AC1AA}.SingleImage|Any CPU.Build.0 = Release|Any CPU
		{70784D58-80D0-473E-AE15-3F80077AC1AA}.SingleImage|Mixed Platforms.ActiveCfg = Release|Any CPU
		{70784D58-80D0-473E-AE15-3F80077AC1AA}.SingleImage|Mixed Platforms.Build.0 = Release|Any CPU
		{70784D58-80D0-473E-AE15-3F80077AC1AA}.SingleImage|x86.ActiveCfg = Release|Any CPU
		{BE7E79D1-1B37-4784-9BF1-112F4E9B53F5}.CD_ROM|Any CPU.ActiveCfg = Release|x86
		{BE7E79D1-1B37-4784-9BF1-112F4E9B53F5}.CD_ROM|Mixed Platforms.ActiveCfg = Release|x86
		{BE7E79D1-1B37-4784-9BF1-112F4E9B53F5}.CD_ROM|Mixed Platforms.Build.0 = Release|x86
		{BE7E79D1-1B37-4784-9BF1-112F4E9B53F5}.CD_ROM|x86.ActiveCfg = Release|x86
		{BE7E79D1-1B37-4784-9BF1-112F4E9B53F5}.CD_ROM|x86.Build.0 = Release|x86
		{BE7E79D1-1B37-4784-9BF1-112F4E9B53F5}.Debug|Any CPU.ActiveCfg = Debug|x86
		{BE7E79D1-1B37-4784-9BF1-112F4E9B53F5}.Debug|Mixed Platforms.ActiveCfg = Debug|x86
		{BE7E79D1-1B37-4784-9BF1-112F4E9B53F5}.Debug|Mixed Platforms.Build.0 = Debug|x86
		{BE7E79D1-1B37-4784-9BF1-112F4E9B53F5}.Debug|x86.ActiveCfg = Debug|x86
		{BE7E79D1-1B37-4784-9BF1-112F4E9B53F5}.Debug|x86.Build.0 = Debug|x86
		{BE7E79D1-1B37-4784-9BF1-112F4E9B53F5}.DVD-5|Any CPU.ActiveCfg = Debug|x86
		{BE7E79D1-1B37-4784-9BF1-112F4E9B53F5}.DVD-5|Mixed Platforms.ActiveCfg = Debug|x86
		{BE7E79D1-1B37-4784-9BF1-112F4E9B53F5}.DVD-5|Mixed Platforms.Build.0 = Debug|x86
		{BE7E79D1-1B37-4784-9BF1-112F4E9B53F5}.DVD-5|x86.ActiveCfg = Debug|x86
		{BE7E79D1-1B37-4784-9BF1-112F4E9B53F5}.DVD-5|x86.Build.0 = Debug|x86
		{BE7E79D1-1B37-4784-9BF1-112F4E9B53F5}.Release|Any CPU.ActiveCfg = Release|x86
		{BE7E79D1-1B37-4784-9BF1-112F4E9B53F5}.Release|Mixed Platforms.ActiveCfg = Release|x86
		{BE7E79D1-1B37-4784-9BF1-112F4E9B53F5}.Release|Mixed Platforms.Build.0 = Release|x86
		{BE7E79D1-1B37-4784-9BF1-112F4E9B53F5}.Release|x86.ActiveCfg = Release|x86
		{BE7E79D1-1B37-4784-9BF1-112F4E9B53F5}.Release|x86.Build.0 = Release|x86
		{BE7E79D1-1B37-4784-9BF1-112F4E9B53F5}.SingleImage|Any CPU.ActiveCfg = Release|x86
		{BE7E79D1-1B37-4784-9BF1-112F4E9B53F5}.SingleImage|Mixed Platforms.ActiveCfg = Release|x86
		{BE7E79D1-1B37-4784-9BF1-112F4E9B53F5}.SingleImage|Mixed Platforms.Build.0 = Release|x86
		{BE7E79D1-1B37-4784-9BF1-112F4E9B53F5}.SingleImage|x86.ActiveCfg = Release|x86
		{BE7E79D1-1B37-4784-9BF1-112F4E9B53F5}.SingleImage|x86.Build.0 = Release|x86
		{5863F883-B4B5-4325-A73A-230A04086115}.CD_ROM|Any CPU.ActiveCfg = Release|Any CPU
		{5863F883-B4B5-4325-A73A-230A04086115}.CD_ROM|Any CPU.Build.0 = Release|Any CPU
		{5863F883-B4B5-4325-A73A-230A04086115}.CD_ROM|Mixed Platforms.ActiveCfg = Release|Any CPU
		{5863F883-B4B5-4325-A73A-230A04086115}.CD_ROM|Mixed Platforms.Build.0 = Release|Any CPU
		{5863F883-B4B5-4325-A73A-230A04086115}.CD_ROM|x86.ActiveCfg = Release|Any CPU
		{5863F883-B4B5-4325-A73A-230A04086115}.Debug|Any CPU.ActiveCfg = Debug|Any CPU
		{5863F883-B4B5-4325-A73A-230A04086115}.Debug|Any CPU.Build.0 = Debug|Any CPU
		{5863F883-B4B5-4325-A73A-230A04086115}.Debug|Mixed Platforms.ActiveCfg = Debug|Any CPU
		{5863F883-B4B5-4325-A73A-230A04086115}.Debug|x86.ActiveCfg = Debug|Any CPU
		{5863F883-B4B5-4325-A73A-230A04086115}.DVD-5|Any CPU.ActiveCfg = Debug|Any CPU
		{5863F883-B4B5-4325-A73A-230A04086115}.DVD-5|Any CPU.Build.0 = Debug|Any CPU
		{5863F883-B4B5-4325-A73A-230A04086115}.DVD-5|Mixed Platforms.ActiveCfg = Debug|Any CPU
		{5863F883-B4B5-4325-A73A-230A04086115}.DVD-5|Mixed Platforms.Build.0 = Debug|Any CPU
		{5863F883-B4B5-4325-A73A-230A04086115}.DVD-5|x86.ActiveCfg = Debug|Any CPU
		{5863F883-B4B5-4325-A73A-230A04086115}.Release|Any CPU.ActiveCfg = Release|Any CPU
		{5863F883-B4B5-4325-A73A-230A04086115}.Release|Any CPU.Build.0 = Release|Any CPU
		{5863F883-B4B5-4325-A73A-230A04086115}.Release|Mixed Platforms.ActiveCfg = Release|Any CPU
		{5863F883-B4B5-4325-A73A-230A04086115}.Release|Mixed Platforms.Build.0 = Release|Any CPU
		{5863F883-B4B5-4325-A73A-230A04086115}.Release|x86.ActiveCfg = Release|Any CPU
		{5863F883-B4B5-4325-A73A-230A04086115}.SingleImage|Any CPU.ActiveCfg = Release|Any CPU
		{5863F883-B4B5-4325-A73A-230A04086115}.SingleImage|Any CPU.Build.0 = Release|Any CPU
		{5863F883-B4B5-4325-A73A-230A04086115}.SingleImage|Mixed Platforms.ActiveCfg = Release|Any CPU
		{5863F883-B4B5-4325-A73A-230A04086115}.SingleImage|Mixed Platforms.Build.0 = Release|Any CPU
		{5863F883-B4B5-4325-A73A-230A04086115}.SingleImage|x86.ActiveCfg = Release|Any CPU
		{50312C1C-ADFA-4802-BF62-E03A53694B9C}.CD_ROM|Any CPU.ActiveCfg = Release|x86
		{50312C1C-ADFA-4802-BF62-E03A53694B9C}.CD_ROM|Mixed Platforms.ActiveCfg = Release|x86
		{50312C1C-ADFA-4802-BF62-E03A53694B9C}.CD_ROM|Mixed Platforms.Build.0 = Release|x86
		{50312C1C-ADFA-4802-BF62-E03A53694B9C}.CD_ROM|x86.ActiveCfg = Release|x86
		{50312C1C-ADFA-4802-BF62-E03A53694B9C}.CD_ROM|x86.Build.0 = Release|x86
		{50312C1C-ADFA-4802-BF62-E03A53694B9C}.Debug|Any CPU.ActiveCfg = Debug|x86
		{50312C1C-ADFA-4802-BF62-E03A53694B9C}.Debug|Mixed Platforms.ActiveCfg = Debug|x86
		{50312C1C-ADFA-4802-BF62-E03A53694B9C}.Debug|Mixed Platforms.Build.0 = Debug|x86
		{50312C1C-ADFA-4802-BF62-E03A53694B9C}.Debug|x86.ActiveCfg = Debug|x86
		{50312C1C-ADFA-4802-BF62-E03A53694B9C}.Debug|x86.Build.0 = Debug|x86
		{50312C1C-ADFA-4802-BF62-E03A53694B9C}.DVD-5|Any CPU.ActiveCfg = Debug|x86
		{50312C1C-ADFA-4802-BF62-E03A53694B9C}.DVD-5|Mixed Platforms.ActiveCfg = Debug|x86
		{50312C1C-ADFA-4802-BF62-E03A53694B9C}.DVD-5|Mixed Platforms.Build.0 = Debug|x86
		{50312C1C-ADFA-4802-BF62-E03A53694B9C}.DVD-5|x86.ActiveCfg = Debug|x86
		{50312C1C-ADFA-4802-BF62-E03A53694B9C}.DVD-5|x86.Build.0 = Debug|x86
		{50312C1C-ADFA-4802-BF62-E03A53694B9C}.Release|Any CPU.ActiveCfg = Release|x86
		{50312C1C-ADFA-4802-BF62-E03A53694B9C}.Release|Mixed Platforms.ActiveCfg = Release|x86
		{50312C1C-ADFA-4802-BF62-E03A53694B9C}.Release|Mixed Platforms.Build.0 = Release|x86
		{50312C1C-ADFA-4802-BF62-E03A53694B9C}.Release|x86.ActiveCfg = Release|x86
		{50312C1C-ADFA-4802-BF62-E03A53694B9C}.Release|x86.Build.0 = Release|x86
		{50312C1C-ADFA-4802-BF62-E03A53694B9C}.SingleImage|Any CPU.ActiveCfg = Release|x86
		{50312C1C-ADFA-4802-BF62-E03A53694B9C}.SingleImage|Mixed Platforms.ActiveCfg = Release|x86
		{50312C1C-ADFA-4802-BF62-E03A53694B9C}.SingleImage|Mixed Platforms.Build.0 = Release|x86
		{50312C1C-ADFA-4802-BF62-E03A53694B9C}.SingleImage|x86.ActiveCfg = Release|x86
		{50312C1C-ADFA-4802-BF62-E03A53694B9C}.SingleImage|x86.Build.0 = Release|x86
		{64376B99-90E4-40EE-A20A-68D97C8B1835}.CD_ROM|Any CPU.ActiveCfg = Release|x86
		{64376B99-90E4-40EE-A20A-68D97C8B1835}.CD_ROM|Mixed Platforms.ActiveCfg = Release|x86
		{64376B99-90E4-40EE-A20A-68D97C8B1835}.CD_ROM|Mixed Platforms.Build.0 = Release|x86
		{64376B99-90E4-40EE-A20A-68D97C8B1835}.CD_ROM|x86.ActiveCfg = Release|x86
		{64376B99-90E4-40EE-A20A-68D97C8B1835}.CD_ROM|x86.Build.0 = Release|x86
		{64376B99-90E4-40EE-A20A-68D97C8B1835}.Debug|Any CPU.ActiveCfg = Debug|x86
		{64376B99-90E4-40EE-A20A-68D97C8B1835}.Debug|Mixed Platforms.ActiveCfg = Debug|x86
		{64376B99-90E4-40EE-A20A-68D97C8B1835}.Debug|x86.ActiveCfg = Debug|x86
		{64376B99-90E4-40EE-A20A-68D97C8B1835}.Debug|x86.Build.0 = Debug|x86
		{64376B99-90E4-40EE-A20A-68D97C8B1835}.DVD-5|Any CPU.ActiveCfg = Debug|x86
		{64376B99-90E4-40EE-A20A-68D97C8B1835}.DVD-5|Mixed Platforms.ActiveCfg = Debug|x86
		{64376B99-90E4-40EE-A20A-68D97C8B1835}.DVD-5|Mixed Platforms.Build.0 = Debug|x86
		{64376B99-90E4-40EE-A20A-68D97C8B1835}.DVD-5|x86.ActiveCfg = Debug|x86
		{64376B99-90E4-40EE-A20A-68D97C8B1835}.DVD-5|x86.Build.0 = Debug|x86
		{64376B99-90E4-40EE-A20A-68D97C8B1835}.Release|Any CPU.ActiveCfg = Release|x86
		{64376B99-90E4-40EE-A20A-68D97C8B1835}.Release|Mixed Platforms.ActiveCfg = Release|x86
		{64376B99-90E4-40EE-A20A-68D97C8B1835}.Release|Mixed Platforms.Build.0 = Release|x86
		{64376B99-90E4-40EE-A20A-68D97C8B1835}.Release|x86.ActiveCfg = Release|x86
		{64376B99-90E4-40EE-A20A-68D97C8B1835}.Release|x86.Build.0 = Release|x86
		{64376B99-90E4-40EE-A20A-68D97C8B1835}.SingleImage|Any CPU.ActiveCfg = Release|x86
		{64376B99-90E4-40EE-A20A-68D97C8B1835}.SingleImage|Mixed Platforms.ActiveCfg = Release|x86
		{64376B99-90E4-40EE-A20A-68D97C8B1835}.SingleImage|Mixed Platforms.Build.0 = Release|x86
		{64376B99-90E4-40EE-A20A-68D97C8B1835}.SingleImage|x86.ActiveCfg = Release|x86
		{64376B99-90E4-40EE-A20A-68D97C8B1835}.SingleImage|x86.Build.0 = Release|x86
		{F0BCE1B5-7734-4D68-B577-C161B4CC50CC}.CD_ROM|Any CPU.ActiveCfg = Release|x86
		{F0BCE1B5-7734-4D68-B577-C161B4CC50CC}.CD_ROM|Mixed Platforms.ActiveCfg = Release|x86
		{F0BCE1B5-7734-4D68-B577-C161B4CC50CC}.CD_ROM|Mixed Platforms.Build.0 = Release|x86
		{F0BCE1B5-7734-4D68-B577-C161B4CC50CC}.CD_ROM|x86.ActiveCfg = Release|x86
		{F0BCE1B5-7734-4D68-B577-C161B4CC50CC}.CD_ROM|x86.Build.0 = Release|x86
		{F0BCE1B5-7734-4D68-B577-C161B4CC50CC}.Debug|Any CPU.ActiveCfg = Debug|x86
		{F0BCE1B5-7734-4D68-B577-C161B4CC50CC}.Debug|Mixed Platforms.ActiveCfg = Debug|x86
		{F0BCE1B5-7734-4D68-B577-C161B4CC50CC}.Debug|x86.ActiveCfg = Debug|x86
		{F0BCE1B5-7734-4D68-B577-C161B4CC50CC}.Debug|x86.Build.0 = Debug|x86
		{F0BCE1B5-7734-4D68-B577-C161B4CC50CC}.DVD-5|Any CPU.ActiveCfg = Debug|x86
		{F0BCE1B5-7734-4D68-B577-C161B4CC50CC}.DVD-5|Mixed Platforms.ActiveCfg = Debug|x86
		{F0BCE1B5-7734-4D68-B577-C161B4CC50CC}.DVD-5|Mixed Platforms.Build.0 = Debug|x86
		{F0BCE1B5-7734-4D68-B577-C161B4CC50CC}.DVD-5|x86.ActiveCfg = Debug|x86
		{F0BCE1B5-7734-4D68-B577-C161B4CC50CC}.DVD-5|x86.Build.0 = Debug|x86
		{F0BCE1B5-7734-4D68-B577-C161B4CC50CC}.Release|Any CPU.ActiveCfg = Release|x86
		{F0BCE1B5-7734-4D68-B577-C161B4CC50CC}.Release|Mixed Platforms.ActiveCfg = Release|x86
		{F0BCE1B5-7734-4D68-B577-C161B4CC50CC}.Release|Mixed Platforms.Build.0 = Release|x86
		{F0BCE1B5-7734-4D68-B577-C161B4CC50CC}.Release|x86.ActiveCfg = Release|x86
		{F0BCE1B5-7734-4D68-B577-C161B4CC50CC}.Release|x86.Build.0 = Release|x86
		{F0BCE1B5-7734-4D68-B577-C161B4CC50CC}.SingleImage|Any CPU.ActiveCfg = Release|x86
		{F0BCE1B5-7734-4D68-B577-C161B4CC50CC}.SingleImage|Mixed Platforms.ActiveCfg = Release|x86
		{F0BCE1B5-7734-4D68-B577-C161B4CC50CC}.SingleImage|Mixed Platforms.Build.0 = Release|x86
		{F0BCE1B5-7734-4D68-B577-C161B4CC50CC}.SingleImage|x86.ActiveCfg = Release|x86
		{F0BCE1B5-7734-4D68-B577-C161B4CC50CC}.SingleImage|x86.Build.0 = Release|x86
		{DAA7B32B-75DD-4471-8AE0-785E2ABF0AD4}.CD_ROM|Any CPU.ActiveCfg = Release|x86
		{DAA7B32B-75DD-4471-8AE0-785E2ABF0AD4}.CD_ROM|Mixed Platforms.ActiveCfg = Release|x86
		{DAA7B32B-75DD-4471-8AE0-785E2ABF0AD4}.CD_ROM|x86.ActiveCfg = Release|x86
		{DAA7B32B-75DD-4471-8AE0-785E2ABF0AD4}.Debug|Any CPU.ActiveCfg = Debug|x86
		{DAA7B32B-75DD-4471-8AE0-785E2ABF0AD4}.Debug|Mixed Platforms.ActiveCfg = Debug|x86
		{DAA7B32B-75DD-4471-8AE0-785E2ABF0AD4}.Debug|x86.ActiveCfg = Debug|x86
		{DAA7B32B-75DD-4471-8AE0-785E2ABF0AD4}.DVD-5|Any CPU.ActiveCfg = Debug|x86
		{DAA7B32B-75DD-4471-8AE0-785E2ABF0AD4}.DVD-5|Mixed Platforms.ActiveCfg = Debug|x86
		{DAA7B32B-75DD-4471-8AE0-785E2ABF0AD4}.DVD-5|x86.ActiveCfg = Debug|x86
		{DAA7B32B-75DD-4471-8AE0-785E2ABF0AD4}.Release|Any CPU.ActiveCfg = Release|x86
		{DAA7B32B-75DD-4471-8AE0-785E2ABF0AD4}.Release|Mixed Platforms.ActiveCfg = Release|x86
		{DAA7B32B-75DD-4471-8AE0-785E2ABF0AD4}.Release|x86.ActiveCfg = Release|x86
		{DAA7B32B-75DD-4471-8AE0-785E2ABF0AD4}.SingleImage|Any CPU.ActiveCfg = Release|x86
		{DAA7B32B-75DD-4471-8AE0-785E2ABF0AD4}.SingleImage|Mixed Platforms.ActiveCfg = Release|x86
		{DAA7B32B-75DD-4471-8AE0-785E2ABF0AD4}.SingleImage|x86.ActiveCfg = Release|x86
		{937D938A-DA5A-410C-A972-161E2E93A83D}.CD_ROM|Any CPU.ActiveCfg = Release|Any CPU
		{937D938A-DA5A-410C-A972-161E2E93A83D}.CD_ROM|Any CPU.Build.0 = Release|Any CPU
		{937D938A-DA5A-410C-A972-161E2E93A83D}.CD_ROM|Mixed Platforms.ActiveCfg = Release|Any CPU
		{937D938A-DA5A-410C-A972-161E2E93A83D}.CD_ROM|Mixed Platforms.Build.0 = Release|Any CPU
		{937D938A-DA5A-410C-A972-161E2E93A83D}.CD_ROM|x86.ActiveCfg = Release|Any CPU
		{937D938A-DA5A-410C-A972-161E2E93A83D}.Debug|Any CPU.ActiveCfg = Debug|Any CPU
		{937D938A-DA5A-410C-A972-161E2E93A83D}.Debug|Any CPU.Build.0 = Debug|Any CPU
		{937D938A-DA5A-410C-A972-161E2E93A83D}.Debug|Mixed Platforms.ActiveCfg = Debug|Any CPU
		{937D938A-DA5A-410C-A972-161E2E93A83D}.Debug|Mixed Platforms.Build.0 = Debug|Any CPU
		{937D938A-DA5A-410C-A972-161E2E93A83D}.Debug|x86.ActiveCfg = Debug|Any CPU
		{937D938A-DA5A-410C-A972-161E2E93A83D}.DVD-5|Any CPU.ActiveCfg = Debug|Any CPU
		{937D938A-DA5A-410C-A972-161E2E93A83D}.DVD-5|Any CPU.Build.0 = Debug|Any CPU
		{937D938A-DA5A-410C-A972-161E2E93A83D}.DVD-5|Mixed Platforms.ActiveCfg = Debug|Any CPU
		{937D938A-DA5A-410C-A972-161E2E93A83D}.DVD-5|Mixed Platforms.Build.0 = Debug|Any CPU
		{937D938A-DA5A-410C-A972-161E2E93A83D}.DVD-5|x86.ActiveCfg = Debug|Any CPU
		{937D938A-DA5A-410C-A972-161E2E93A83D}.Release|Any CPU.ActiveCfg = Release|Any CPU
		{937D938A-DA5A-410C-A972-161E2E93A83D}.Release|Any CPU.Build.0 = Release|Any CPU
		{937D938A-DA5A-410C-A972-161E2E93A83D}.Release|Mixed Platforms.ActiveCfg = Release|Any CPU
		{937D938A-DA5A-410C-A972-161E2E93A83D}.Release|Mixed Platforms.Build.0 = Release|Any CPU
		{937D938A-DA5A-410C-A972-161E2E93A83D}.Release|x86.ActiveCfg = Release|Any CPU
		{937D938A-DA5A-410C-A972-161E2E93A83D}.SingleImage|Any CPU.ActiveCfg = Release|Any CPU
		{937D938A-DA5A-410C-A972-161E2E93A83D}.SingleImage|Any CPU.Build.0 = Release|Any CPU
		{937D938A-DA5A-410C-A972-161E2E93A83D}.SingleImage|Mixed Platforms.ActiveCfg = Release|Any CPU
		{937D938A-DA5A-410C-A972-161E2E93A83D}.SingleImage|Mixed Platforms.Build.0 = Release|Any CPU
		{937D938A-DA5A-410C-A972-161E2E93A83D}.SingleImage|x86.ActiveCfg = Release|Any CPU
		{C8E6303A-F86E-491A-A291-BA307290D994}.CD_ROM|Any CPU.ActiveCfg = Release|x86
		{C8E6303A-F86E-491A-A291-BA307290D994}.CD_ROM|Mixed Platforms.ActiveCfg = Release|x86
		{C8E6303A-F86E-491A-A291-BA307290D994}.CD_ROM|Mixed Platforms.Build.0 = Release|x86
		{C8E6303A-F86E-491A-A291-BA307290D994}.CD_ROM|x86.ActiveCfg = Release|x86
		{C8E6303A-F86E-491A-A291-BA307290D994}.CD_ROM|x86.Build.0 = Release|x86
		{C8E6303A-F86E-491A-A291-BA307290D994}.Debug|Any CPU.ActiveCfg = Debug|x86
		{C8E6303A-F86E-491A-A291-BA307290D994}.Debug|Mixed Platforms.ActiveCfg = Debug|x86
		{C8E6303A-F86E-491A-A291-BA307290D994}.Debug|x86.ActiveCfg = Debug|x86
		{C8E6303A-F86E-491A-A291-BA307290D994}.Debug|x86.Build.0 = Debug|x86
		{C8E6303A-F86E-491A-A291-BA307290D994}.DVD-5|Any CPU.ActiveCfg = Debug|x86
		{C8E6303A-F86E-491A-A291-BA307290D994}.DVD-5|Mixed Platforms.ActiveCfg = Debug|x86
		{C8E6303A-F86E-491A-A291-BA307290D994}.DVD-5|Mixed Platforms.Build.0 = Debug|x86
		{C8E6303A-F86E-491A-A291-BA307290D994}.DVD-5|x86.ActiveCfg = Debug|x86
		{C8E6303A-F86E-491A-A291-BA307290D994}.DVD-5|x86.Build.0 = Debug|x86
		{C8E6303A-F86E-491A-A291-BA307290D994}.Release|Any CPU.ActiveCfg = Release|x86
		{C8E6303A-F86E-491A-A291-BA307290D994}.Release|Mixed Platforms.ActiveCfg = Release|x86
		{C8E6303A-F86E-491A-A291-BA307290D994}.Release|Mixed Platforms.Build.0 = Release|x86
		{C8E6303A-F86E-491A-A291-BA307290D994}.Release|x86.ActiveCfg = Release|x86
		{C8E6303A-F86E-491A-A291-BA307290D994}.Release|x86.Build.0 = Release|x86
		{C8E6303A-F86E-491A-A291-BA307290D994}.SingleImage|Any CPU.ActiveCfg = Release|x86
		{C8E6303A-F86E-491A-A291-BA307290D994}.SingleImage|Mixed Platforms.ActiveCfg = Release|x86
		{C8E6303A-F86E-491A-A291-BA307290D994}.SingleImage|Mixed Platforms.Build.0 = Release|x86
		{C8E6303A-F86E-491A-A291-BA307290D994}.SingleImage|x86.ActiveCfg = Release|x86
		{C8E6303A-F86E-491A-A291-BA307290D994}.SingleImage|x86.Build.0 = Release|x86
		{FC65CE61-C4D3-4380-8CEA-316311BC6271}.CD_ROM|Any CPU.ActiveCfg = Release
		{FC65CE61-C4D3-4380-8CEA-316311BC6271}.CD_ROM|Mixed Platforms.ActiveCfg = Release
		{FC65CE61-C4D3-4380-8CEA-316311BC6271}.CD_ROM|x86.ActiveCfg = Release
		{FC65CE61-C4D3-4380-8CEA-316311BC6271}.Debug|Any CPU.ActiveCfg = Debug
		{FC65CE61-C4D3-4380-8CEA-316311BC6271}.Debug|Mixed Platforms.ActiveCfg = Debug
		{FC65CE61-C4D3-4380-8CEA-316311BC6271}.Debug|x86.ActiveCfg = Debug
		{FC65CE61-C4D3-4380-8CEA-316311BC6271}.DVD-5|Any CPU.ActiveCfg = Debug
		{FC65CE61-C4D3-4380-8CEA-316311BC6271}.DVD-5|Mixed Platforms.ActiveCfg = Debug
		{FC65CE61-C4D3-4380-8CEA-316311BC6271}.DVD-5|x86.ActiveCfg = Debug
		{FC65CE61-C4D3-4380-8CEA-316311BC6271}.Release|Any CPU.ActiveCfg = Release
		{FC65CE61-C4D3-4380-8CEA-316311BC6271}.Release|Mixed Platforms.ActiveCfg = Release
		{FC65CE61-C4D3-4380-8CEA-316311BC6271}.Release|x86.ActiveCfg = Release
		{FC65CE61-C4D3-4380-8CEA-316311BC6271}.SingleImage|Any CPU.ActiveCfg = Release
		{FC65CE61-C4D3-4380-8CEA-316311BC6271}.SingleImage|Mixed Platforms.ActiveCfg = Release
		{FC65CE61-C4D3-4380-8CEA-316311BC6271}.SingleImage|x86.ActiveCfg = Release
		{4E2AE830-400F-4524-96FE-A8FE847FCF02}.CD_ROM|Any CPU.ActiveCfg = Release|x86
		{4E2AE830-400F-4524-96FE-A8FE847FCF02}.CD_ROM|Mixed Platforms.ActiveCfg = Release|x86
		{4E2AE830-400F-4524-96FE-A8FE847FCF02}.CD_ROM|Mixed Platforms.Build.0 = Release|x86
		{4E2AE830-400F-4524-96FE-A8FE847FCF02}.CD_ROM|x86.ActiveCfg = Release|x86
		{4E2AE830-400F-4524-96FE-A8FE847FCF02}.CD_ROM|x86.Build.0 = Release|x86
		{4E2AE830-400F-4524-96FE-A8FE847FCF02}.Debug|Any CPU.ActiveCfg = Debug|x86
		{4E2AE830-400F-4524-96FE-A8FE847FCF02}.Debug|Mixed Platforms.ActiveCfg = Debug|x86
		{4E2AE830-400F-4524-96FE-A8FE847FCF02}.Debug|x86.ActiveCfg = Debug|x86
		{4E2AE830-400F-4524-96FE-A8FE847FCF02}.Debug|x86.Build.0 = Debug|x86
		{4E2AE830-400F-4524-96FE-A8FE847FCF02}.DVD-5|Any CPU.ActiveCfg = Debug|x86
		{4E2AE830-400F-4524-96FE-A8FE847FCF02}.DVD-5|Mixed Platforms.ActiveCfg = Debug|x86
		{4E2AE830-400F-4524-96FE-A8FE847FCF02}.DVD-5|Mixed Platforms.Build.0 = Debug|x86
		{4E2AE830-400F-4524-96FE-A8FE847FCF02}.DVD-5|x86.ActiveCfg = Debug|x86
		{4E2AE830-400F-4524-96FE-A8FE847FCF02}.DVD-5|x86.Build.0 = Debug|x86
		{4E2AE830-400F-4524-96FE-A8FE847FCF02}.Release|Any CPU.ActiveCfg = Release|x86
		{4E2AE830-400F-4524-96FE-A8FE847FCF02}.Release|Mixed Platforms.ActiveCfg = Release|x86
		{4E2AE830-400F-4524-96FE-A8FE847FCF02}.Release|Mixed Platforms.Build.0 = Release|x86
		{4E2AE830-400F-4524-96FE-A8FE847FCF02}.Release|x86.ActiveCfg = Release|x86
		{4E2AE830-400F-4524-96FE-A8FE847FCF02}.Release|x86.Build.0 = Release|x86
		{4E2AE830-400F-4524-96FE-A8FE847FCF02}.SingleImage|Any CPU.ActiveCfg = Release|x86
		{4E2AE830-400F-4524-96FE-A8FE847FCF02}.SingleImage|Mixed Platforms.ActiveCfg = Release|x86
		{4E2AE830-400F-4524-96FE-A8FE847FCF02}.SingleImage|Mixed Platforms.Build.0 = Release|x86
		{4E2AE830-400F-4524-96FE-A8FE847FCF02}.SingleImage|x86.ActiveCfg = Release|x86
		{4E2AE830-400F-4524-96FE-A8FE847FCF02}.SingleImage|x86.Build.0 = Release|x86
		{9B19A36D-B5EA-4AA2-99B1-35CC9BAE5F0C}.CD_ROM|Any CPU.ActiveCfg = Release
		{9B19A36D-B5EA-4AA2-99B1-35CC9BAE5F0C}.CD_ROM|Any CPU.Build.0 = Release
		{9B19A36D-B5EA-4AA2-99B1-35CC9BAE5F0C}.CD_ROM|Mixed Platforms.ActiveCfg = Release
		{9B19A36D-B5EA-4AA2-99B1-35CC9BAE5F0C}.CD_ROM|Mixed Platforms.Build.0 = Release
		{9B19A36D-B5EA-4AA2-99B1-35CC9BAE5F0C}.CD_ROM|x86.ActiveCfg = Release
		{9B19A36D-B5EA-4AA2-99B1-35CC9BAE5F0C}.CD_ROM|x86.Build.0 = Release
		{9B19A36D-B5EA-4AA2-99B1-35CC9BAE5F0C}.Debug|Any CPU.ActiveCfg = Debug
		{9B19A36D-B5EA-4AA2-99B1-35CC9BAE5F0C}.Debug|Any CPU.Build.0 = Debug
		{9B19A36D-B5EA-4AA2-99B1-35CC9BAE5F0C}.Debug|Mixed Platforms.ActiveCfg = Debug
		{9B19A36D-B5EA-4AA2-99B1-35CC9BAE5F0C}.Debug|x86.ActiveCfg = Debug
		{9B19A36D-B5EA-4AA2-99B1-35CC9BAE5F0C}.Debug|x86.Build.0 = Debug
		{9B19A36D-B5EA-4AA2-99B1-35CC9BAE5F0C}.DVD-5|Any CPU.ActiveCfg = Debug
		{9B19A36D-B5EA-4AA2-99B1-35CC9BAE5F0C}.DVD-5|Any CPU.Build.0 = Debug
		{9B19A36D-B5EA-4AA2-99B1-35CC9BAE5F0C}.DVD-5|Mixed Platforms.ActiveCfg = Debug
		{9B19A36D-B5EA-4AA2-99B1-35CC9BAE5F0C}.DVD-5|Mixed Platforms.Build.0 = Debug
		{9B19A36D-B5EA-4AA2-99B1-35CC9BAE5F0C}.DVD-5|x86.ActiveCfg = Debug
		{9B19A36D-B5EA-4AA2-99B1-35CC9BAE5F0C}.DVD-5|x86.Build.0 = Debug
		{9B19A36D-B5EA-4AA2-99B1-35CC9BAE5F0C}.Release|Any CPU.ActiveCfg = Release
		{9B19A36D-B5EA-4AA2-99B1-35CC9BAE5F0C}.Release|Any CPU.Build.0 = Release
		{9B19A36D-B5EA-4AA2-99B1-35CC9BAE5F0C}.Release|Mixed Platforms.ActiveCfg = Release
		{9B19A36D-B5EA-4AA2-99B1-35CC9BAE5F0C}.Release|Mixed Platforms.Build.0 = Release
		{9B19A36D-B5EA-4AA2-99B1-35CC9BAE5F0C}.Release|x86.ActiveCfg = Release
		{9B19A36D-B5EA-4AA2-99B1-35CC9BAE5F0C}.Release|x86.Build.0 = Release
		{9B19A36D-B5EA-4AA2-99B1-35CC9BAE5F0C}.SingleImage|Any CPU.ActiveCfg = Release
		{9B19A36D-B5EA-4AA2-99B1-35CC9BAE5F0C}.SingleImage|Any CPU.Build.0 = Release
		{9B19A36D-B5EA-4AA2-99B1-35CC9BAE5F0C}.SingleImage|Mixed Platforms.ActiveCfg = Release
		{9B19A36D-B5EA-4AA2-99B1-35CC9BAE5F0C}.SingleImage|Mixed Platforms.Build.0 = Release
		{9B19A36D-B5EA-4AA2-99B1-35CC9BAE5F0C}.SingleImage|x86.ActiveCfg = Release
		{9B19A36D-B5EA-4AA2-99B1-35CC9BAE5F0C}.SingleImage|x86.Build.0 = Release
		{24D045C9-0944-4165-B98A-D701543C72E6}.CD_ROM|Any CPU.ActiveCfg = Release|Any CPU
		{24D045C9-0944-4165-B98A-D701543C72E6}.CD_ROM|Any CPU.Build.0 = Release|Any CPU
		{24D045C9-0944-4165-B98A-D701543C72E6}.CD_ROM|Mixed Platforms.ActiveCfg = Release|Any CPU
		{24D045C9-0944-4165-B98A-D701543C72E6}.CD_ROM|Mixed Platforms.Build.0 = Release|Any CPU
		{24D045C9-0944-4165-B98A-D701543C72E6}.CD_ROM|x86.ActiveCfg = Release|Any CPU
		{24D045C9-0944-4165-B98A-D701543C72E6}.Debug|Any CPU.ActiveCfg = Debug|Any CPU
		{24D045C9-0944-4165-B98A-D701543C72E6}.Debug|Any CPU.Build.0 = Debug|Any CPU
		{24D045C9-0944-4165-B98A-D701543C72E6}.Debug|Mixed Platforms.ActiveCfg = Debug|Any CPU
		{24D045C9-0944-4165-B98A-D701543C72E6}.Debug|x86.ActiveCfg = Debug|Any CPU
		{24D045C9-0944-4165-B98A-D701543C72E6}.DVD-5|Any CPU.ActiveCfg = Debug|Any CPU
		{24D045C9-0944-4165-B98A-D701543C72E6}.DVD-5|Any CPU.Build.0 = Debug|Any CPU
		{24D045C9-0944-4165-B98A-D701543C72E6}.DVD-5|Mixed Platforms.ActiveCfg = Debug|Any CPU
		{24D045C9-0944-4165-B98A-D701543C72E6}.DVD-5|Mixed Platforms.Build.0 = Debug|Any CPU
		{24D045C9-0944-4165-B98A-D701543C72E6}.DVD-5|x86.ActiveCfg = Debug|Any CPU
		{24D045C9-0944-4165-B98A-D701543C72E6}.Release|Any CPU.ActiveCfg = Release|Any CPU
		{24D045C9-0944-4165-B98A-D701543C72E6}.Release|Any CPU.Build.0 = Release|Any CPU
		{24D045C9-0944-4165-B98A-D701543C72E6}.Release|Mixed Platforms.ActiveCfg = Release|Any CPU
		{24D045C9-0944-4165-B98A-D701543C72E6}.Release|Mixed Platforms.Build.0 = Release|Any CPU
		{24D045C9-0944-4165-B98A-D701543C72E6}.Release|x86.ActiveCfg = Release|Any CPU
		{24D045C9-0944-4165-B98A-D701543C72E6}.SingleImage|Any CPU.ActiveCfg = Release|Any CPU
		{24D045C9-0944-4165-B98A-D701543C72E6}.SingleImage|Any CPU.Build.0 = Release|Any CPU
		{24D045C9-0944-4165-B98A-D701543C72E6}.SingleImage|Mixed Platforms.ActiveCfg = Release|Any CPU
		{24D045C9-0944-4165-B98A-D701543C72E6}.SingleImage|Mixed Platforms.Build.0 = Release|Any CPU
		{24D045C9-0944-4165-B98A-D701543C72E6}.SingleImage|x86.ActiveCfg = Release|Any CPU
		{78B486B3-1CA9-49E8-A5DD-051396715D68}.CD_ROM|Any CPU.ActiveCfg = Release|x86
		{78B486B3-1CA9-49E8-A5DD-051396715D68}.CD_ROM|Mixed Platforms.ActiveCfg = Release|x86
		{78B486B3-1CA9-49E8-A5DD-051396715D68}.CD_ROM|Mixed Platforms.Build.0 = Release|x86
		{78B486B3-1CA9-49E8-A5DD-051396715D68}.CD_ROM|x86.ActiveCfg = Release|x86
		{78B486B3-1CA9-49E8-A5DD-051396715D68}.CD_ROM|x86.Build.0 = Release|x86
		{78B486B3-1CA9-49E8-A5DD-051396715D68}.Debug|Any CPU.ActiveCfg = Debug|x86
		{78B486B3-1CA9-49E8-A5DD-051396715D68}.Debug|Mixed Platforms.ActiveCfg = Debug|x86
		{78B486B3-1CA9-49E8-A5DD-051396715D68}.Debug|Mixed Platforms.Build.0 = Debug|x86
		{78B486B3-1CA9-49E8-A5DD-051396715D68}.Debug|x86.ActiveCfg = Debug|x86
		{78B486B3-1CA9-49E8-A5DD-051396715D68}.Debug|x86.Build.0 = Debug|x86
		{78B486B3-1CA9-49E8-A5DD-051396715D68}.DVD-5|Any CPU.ActiveCfg = Debug|x86
		{78B486B3-1CA9-49E8-A5DD-051396715D68}.DVD-5|Mixed Platforms.ActiveCfg = Debug|x86
		{78B486B3-1CA9-49E8-A5DD-051396715D68}.DVD-5|Mixed Platforms.Build.0 = Debug|x86
		{78B486B3-1CA9-49E8-A5DD-051396715D68}.DVD-5|x86.ActiveCfg = Debug|x86
		{78B486B3-1CA9-49E8-A5DD-051396715D68}.DVD-5|x86.Build.0 = Debug|x86
		{78B486B3-1CA9-49E8-A5DD-051396715D68}.Release|Any CPU.ActiveCfg = Release|x86
		{78B486B3-1CA9-49E8-A5DD-051396715D68}.Release|Mixed Platforms.ActiveCfg = Release|x86
		{78B486B3-1CA9-49E8-A5DD-051396715D68}.Release|Mixed Platforms.Build.0 = Release|x86
		{78B486B3-1CA9-49E8-A5DD-051396715D68}.Release|x86.ActiveCfg = Release|x86
		{78B486B3-1CA9-49E8-A5DD-051396715D68}.Release|x86.Build.0 = Release|x86
		{78B486B3-1CA9-49E8-A5DD-051396715D68}.SingleImage|Any CPU.ActiveCfg = Release|x86
		{78B486B3-1CA9-49E8-A5DD-051396715D68}.SingleImage|Mixed Platforms.ActiveCfg = Release|x86
		{78B486B3-1CA9-49E8-A5DD-051396715D68}.SingleImage|Mixed Platforms.Build.0 = Release|x86
		{78B486B3-1CA9-49E8-A5DD-051396715D68}.SingleImage|x86.ActiveCfg = Release|x86
		{78B486B3-1CA9-49E8-A5DD-051396715D68}.SingleImage|x86.Build.0 = Release|x86
		{E5CA4EC7-98D8-4C68-B311-C2DA50B5BFFC}.CD_ROM|Any CPU.ActiveCfg = Release|Any CPU
		{E5CA4EC7-98D8-4C68-B311-C2DA50B5BFFC}.CD_ROM|Any CPU.Build.0 = Release|Any CPU
		{E5CA4EC7-98D8-4C68-B311-C2DA50B5BFFC}.CD_ROM|Mixed Platforms.ActiveCfg = Release|Any CPU
		{E5CA4EC7-98D8-4C68-B311-C2DA50B5BFFC}.CD_ROM|Mixed Platforms.Build.0 = Release|Any CPU
		{E5CA4EC7-98D8-4C68-B311-C2DA50B5BFFC}.CD_ROM|x86.ActiveCfg = Release|Any CPU
		{E5CA4EC7-98D8-4C68-B311-C2DA50B5BFFC}.Debug|Any CPU.ActiveCfg = Debug|Any CPU
		{E5CA4EC7-98D8-4C68-B311-C2DA50B5BFFC}.Debug|Any CPU.Build.0 = Debug|Any CPU
		{E5CA4EC7-98D8-4C68-B311-C2DA50B5BFFC}.Debug|Mixed Platforms.ActiveCfg = Debug|Any CPU
		{E5CA4EC7-98D8-4C68-B311-C2DA50B5BFFC}.Debug|Mixed Platforms.Build.0 = Debug|Any CPU
		{E5CA4EC7-98D8-4C68-B311-C2DA50B5BFFC}.Debug|x86.ActiveCfg = Debug|Any CPU
		{E5CA4EC7-98D8-4C68-B311-C2DA50B5BFFC}.DVD-5|Any CPU.ActiveCfg = Debug|Any CPU
		{E5CA4EC7-98D8-4C68-B311-C2DA50B5BFFC}.DVD-5|Any CPU.Build.0 = Debug|Any CPU
		{E5CA4EC7-98D8-4C68-B311-C2DA50B5BFFC}.DVD-5|Mixed Platforms.ActiveCfg = Debug|Any CPU
		{E5CA4EC7-98D8-4C68-B311-C2DA50B5BFFC}.DVD-5|Mixed Platforms.Build.0 = Debug|Any CPU
		{E5CA4EC7-98D8-4C68-B311-C2DA50B5BFFC}.DVD-5|x86.ActiveCfg = Debug|Any CPU
		{E5CA4EC7-98D8-4C68-B311-C2DA50B5BFFC}.Release|Any CPU.ActiveCfg = Release|Any CPU
		{E5CA4EC7-98D8-4C68-B311-C2DA50B5BFFC}.Release|Any CPU.Build.0 = Release|Any CPU
		{E5CA4EC7-98D8-4C68-B311-C2DA50B5BFFC}.Release|Mixed Platforms.ActiveCfg = Release|Any CPU
		{E5CA4EC7-98D8-4C68-B311-C2DA50B5BFFC}.Release|Mixed Platforms.Build.0 = Release|Any CPU
		{E5CA4EC7-98D8-4C68-B311-C2DA50B5BFFC}.Release|x86.ActiveCfg = Release|Any CPU
		{E5CA4EC7-98D8-4C68-B311-C2DA50B5BFFC}.SingleImage|Any CPU.ActiveCfg = Release|Any CPU
		{E5CA4EC7-98D8-4C68-B311-C2DA50B5BFFC}.SingleImage|Any CPU.Build.0 = Release|Any CPU
		{E5CA4EC7-98D8-4C68-B311-C2DA50B5BFFC}.SingleImage|Mixed Platforms.ActiveCfg = Release|Any CPU
		{E5CA4EC7-98D8-4C68-B311-C2DA50B5BFFC}.SingleImage|Mixed Platforms.Build.0 = Release|Any CPU
		{E5CA4EC7-98D8-4C68-B311-C2DA50B5BFFC}.SingleImage|x86.ActiveCfg = Release|Any CPU
		{70BD2AF2-4C21-48CE-B3D0-D52E2E290E6F}.CD_ROM|Any CPU.ActiveCfg = Release
		{70BD2AF2-4C21-48CE-B3D0-D52E2E290E6F}.CD_ROM|Mixed Platforms.ActiveCfg = Release
		{70BD2AF2-4C21-48CE-B3D0-D52E2E290E6F}.CD_ROM|x86.ActiveCfg = Release
		{70BD2AF2-4C21-48CE-B3D0-D52E2E290E6F}.Debug|Any CPU.ActiveCfg = Debug
		{70BD2AF2-4C21-48CE-B3D0-D52E2E290E6F}.Debug|Mixed Platforms.ActiveCfg = Debug
		{70BD2AF2-4C21-48CE-B3D0-D52E2E290E6F}.Debug|x86.ActiveCfg = Debug
		{70BD2AF2-4C21-48CE-B3D0-D52E2E290E6F}.DVD-5|Any CPU.ActiveCfg = Debug
		{70BD2AF2-4C21-48CE-B3D0-D52E2E290E6F}.DVD-5|Mixed Platforms.ActiveCfg = Debug
		{70BD2AF2-4C21-48CE-B3D0-D52E2E290E6F}.DVD-5|x86.ActiveCfg = Debug
		{70BD2AF2-4C21-48CE-B3D0-D52E2E290E6F}.Release|Any CPU.ActiveCfg = Release
		{70BD2AF2-4C21-48CE-B3D0-D52E2E290E6F}.Release|Mixed Platforms.ActiveCfg = Release
		{70BD2AF2-4C21-48CE-B3D0-D52E2E290E6F}.Release|x86.ActiveCfg = Release
		{70BD2AF2-4C21-48CE-B3D0-D52E2E290E6F}.SingleImage|Any CPU.ActiveCfg = Release
		{70BD2AF2-4C21-48CE-B3D0-D52E2E290E6F}.SingleImage|Mixed Platforms.ActiveCfg = Release
		{70BD2AF2-4C21-48CE-B3D0-D52E2E290E6F}.SingleImage|x86.ActiveCfg = Release
		{D087DF66-9B8F-4BB1-AE43-7AB5789E176F}.CD_ROM|Any CPU.ActiveCfg = Release|x86
		{D087DF66-9B8F-4BB1-AE43-7AB5789E176F}.CD_ROM|Mixed Platforms.ActiveCfg = Release|x86
		{D087DF66-9B8F-4BB1-AE43-7AB5789E176F}.CD_ROM|Mixed Platforms.Build.0 = Release|x86
		{D087DF66-9B8F-4BB1-AE43-7AB5789E176F}.CD_ROM|x86.ActiveCfg = Release|x86
		{D087DF66-9B8F-4BB1-AE43-7AB5789E176F}.CD_ROM|x86.Build.0 = Release|x86
		{D087DF66-9B8F-4BB1-AE43-7AB5789E176F}.Debug|Any CPU.ActiveCfg = Debug|x86
		{D087DF66-9B8F-4BB1-AE43-7AB5789E176F}.Debug|Mixed Platforms.ActiveCfg = Debug|x86
		{D087DF66-9B8F-4BB1-AE43-7AB5789E176F}.Debug|Mixed Platforms.Build.0 = Debug|x86
		{D087DF66-9B8F-4BB1-AE43-7AB5789E176F}.Debug|x86.ActiveCfg = Debug|x86
		{D087DF66-9B8F-4BB1-AE43-7AB5789E176F}.Debug|x86.Build.0 = Debug|x86
		{D087DF66-9B8F-4BB1-AE43-7AB5789E176F}.DVD-5|Any CPU.ActiveCfg = Debug|x86
		{D087DF66-9B8F-4BB1-AE43-7AB5789E176F}.DVD-5|Mixed Platforms.ActiveCfg = Debug|x86
		{D087DF66-9B8F-4BB1-AE43-7AB5789E176F}.DVD-5|Mixed Platforms.Build.0 = Debug|x86
		{D087DF66-9B8F-4BB1-AE43-7AB5789E176F}.DVD-5|x86.ActiveCfg = Debug|x86
		{D087DF66-9B8F-4BB1-AE43-7AB5789E176F}.DVD-5|x86.Build.0 = Debug|x86
		{D087DF66-9B8F-4BB1-AE43-7AB5789E176F}.Release|Any CPU.ActiveCfg = Release|x86
		{D087DF66-9B8F-4BB1-AE43-7AB5789E176F}.Release|Mixed Platforms.ActiveCfg = Release|x86
		{D087DF66-9B8F-4BB1-AE43-7AB5789E176F}.Release|Mixed Platforms.Build.0 = Release|x86
		{D087DF66-9B8F-4BB1-AE43-7AB5789E176F}.Release|x86.ActiveCfg = Release|x86
		{D087DF66-9B8F-4BB1-AE43-7AB5789E176F}.Release|x86.Build.0 = Release|x86
		{D087DF66-9B8F-4BB1-AE43-7AB5789E176F}.SingleImage|Any CPU.ActiveCfg = Release|x86
		{D087DF66-9B8F-4BB1-AE43-7AB5789E176F}.SingleImage|Mixed Platforms.ActiveCfg = Release|x86
		{D087DF66-9B8F-4BB1-AE43-7AB5789E176F}.SingleImage|Mixed Platforms.Build.0 = Release|x86
		{D087DF66-9B8F-4BB1-AE43-7AB5789E176F}.SingleImage|x86.ActiveCfg = Release|x86
		{D087DF66-9B8F-4BB1-AE43-7AB5789E176F}.SingleImage|x86.Build.0 = Release|x86
		{C8305FA7-62EE-4599-B509-F1BEFFD51986}.CD_ROM|Any CPU.ActiveCfg = Release|x86
		{C8305FA7-62EE-4599-B509-F1BEFFD51986}.CD_ROM|Mixed Platforms.ActiveCfg = Release|x86
		{C8305FA7-62EE-4599-B509-F1BEFFD51986}.CD_ROM|Mixed Platforms.Build.0 = Release|x86
		{C8305FA7-62EE-4599-B509-F1BEFFD51986}.CD_ROM|x86.ActiveCfg = Release|x86
		{C8305FA7-62EE-4599-B509-F1BEFFD51986}.CD_ROM|x86.Build.0 = Release|x86
		{C8305FA7-62EE-4599-B509-F1BEFFD51986}.Debug|Any CPU.ActiveCfg = Debug|x86
		{C8305FA7-62EE-4599-B509-F1BEFFD51986}.Debug|Mixed Platforms.ActiveCfg = Debug|x86
		{C8305FA7-62EE-4599-B509-F1BEFFD51986}.Debug|Mixed Platforms.Build.0 = Debug|x86
		{C8305FA7-62EE-4599-B509-F1BEFFD51986}.Debug|x86.ActiveCfg = Debug|x86
		{C8305FA7-62EE-4599-B509-F1BEFFD51986}.Debug|x86.Build.0 = Debug|x86
		{C8305FA7-62EE-4599-B509-F1BEFFD51986}.DVD-5|Any CPU.ActiveCfg = Debug|x86
		{C8305FA7-62EE-4599-B509-F1BEFFD51986}.DVD-5|Mixed Platforms.ActiveCfg = Debug|x86
		{C8305FA7-62EE-4599-B509-F1BEFFD51986}.DVD-5|Mixed Platforms.Build.0 = Debug|x86
		{C8305FA7-62EE-4599-B509-F1BEFFD51986}.DVD-5|x86.ActiveCfg = Debug|x86
		{C8305FA7-62EE-4599-B509-F1BEFFD51986}.DVD-5|x86.Build.0 = Debug|x86
		{C8305FA7-62EE-4599-B509-F1BEFFD51986}.Release|Any CPU.ActiveCfg = Release|x86
		{C8305FA7-62EE-4599-B509-F1BEFFD51986}.Release|Mixed Platforms.ActiveCfg = Release|x86
		{C8305FA7-62EE-4599-B509-F1BEFFD51986}.Release|Mixed Platforms.Build.0 = Release|x86
		{C8305FA7-62EE-4599-B509-F1BEFFD51986}.Release|x86.ActiveCfg = Release|x86
		{C8305FA7-62EE-4599-B509-F1BEFFD51986}.Release|x86.Build.0 = Release|x86
		{C8305FA7-62EE-4599-B509-F1BEFFD51986}.SingleImage|Any CPU.ActiveCfg = Release|x86
		{C8305FA7-62EE-4599-B509-F1BEFFD51986}.SingleImage|Mixed Platforms.ActiveCfg = Release|x86
		{C8305FA7-62EE-4599-B509-F1BEFFD51986}.SingleImage|Mixed Platforms.Build.0 = Release|x86
		{C8305FA7-62EE-4599-B509-F1BEFFD51986}.SingleImage|x86.ActiveCfg = Release|x86
		{C8305FA7-62EE-4599-B509-F1BEFFD51986}.SingleImage|x86.Build.0 = Release|x86
		{7CF76C6F-56D4-41B0-B948-34DE1ECE518D}.CD_ROM|Any CPU.ActiveCfg = Release|x86
		{7CF76C6F-56D4-41B0-B948-34DE1ECE518D}.CD_ROM|Mixed Platforms.ActiveCfg = Release|x86
		{7CF76C6F-56D4-41B0-B948-34DE1ECE518D}.CD_ROM|Mixed Platforms.Build.0 = Release|x86
		{7CF76C6F-56D4-41B0-B948-34DE1ECE518D}.CD_ROM|x86.ActiveCfg = Release|x86
		{7CF76C6F-56D4-41B0-B948-34DE1ECE518D}.CD_ROM|x86.Build.0 = Release|x86
		{7CF76C6F-56D4-41B0-B948-34DE1ECE518D}.Debug|Any CPU.ActiveCfg = Debug|x86
		{7CF76C6F-56D4-41B0-B948-34DE1ECE518D}.Debug|Mixed Platforms.ActiveCfg = Debug|x86
		{7CF76C6F-56D4-41B0-B948-34DE1ECE518D}.Debug|x86.ActiveCfg = Debug|x86
		{7CF76C6F-56D4-41B0-B948-34DE1ECE518D}.Debug|x86.Build.0 = Debug|x86
		{7CF76C6F-56D4-41B0-B948-34DE1ECE518D}.DVD-5|Any CPU.ActiveCfg = Debug|x86
		{7CF76C6F-56D4-41B0-B948-34DE1ECE518D}.DVD-5|Mixed Platforms.ActiveCfg = Debug|x86
		{7CF76C6F-56D4-41B0-B948-34DE1ECE518D}.DVD-5|Mixed Platforms.Build.0 = Debug|x86
		{7CF76C6F-56D4-41B0-B948-34DE1ECE518D}.DVD-5|x86.ActiveCfg = Debug|x86
		{7CF76C6F-56D4-41B0-B948-34DE1ECE518D}.DVD-5|x86.Build.0 = Debug|x86
		{7CF76C6F-56D4-41B0-B948-34DE1ECE518D}.Release|Any CPU.ActiveCfg = Release|x86
		{7CF76C6F-56D4-41B0-B948-34DE1ECE518D}.Release|Mixed Platforms.ActiveCfg = Release|x86
		{7CF76C6F-56D4-41B0-B948-34DE1ECE518D}.Release|Mixed Platforms.Build.0 = Release|x86
		{7CF76C6F-56D4-41B0-B948-34DE1ECE518D}.Release|x86.ActiveCfg = Release|x86
		{7CF76C6F-56D4-41B0-B948-34DE1ECE518D}.Release|x86.Build.0 = Release|x86
		{7CF76C6F-56D4-41B0-B948-34DE1ECE518D}.SingleImage|Any CPU.ActiveCfg = Release|x86
		{7CF76C6F-56D4-41B0-B948-34DE1ECE518D}.SingleImage|Mixed Platforms.ActiveCfg = Release|x86
		{7CF76C6F-56D4-41B0-B948-34DE1ECE518D}.SingleImage|Mixed Platforms.Build.0 = Release|x86
		{7CF76C6F-56D4-41B0-B948-34DE1ECE518D}.SingleImage|x86.ActiveCfg = Release|x86
		{7CF76C6F-56D4-41B0-B948-34DE1ECE518D}.SingleImage|x86.Build.0 = Release|x86
		{91CB8E12-A37C-475A-ADC8-4AFE53B476C5}.CD_ROM|Any CPU.ActiveCfg = Release|x86
		{91CB8E12-A37C-475A-ADC8-4AFE53B476C5}.CD_ROM|Mixed Platforms.ActiveCfg = Release|x86
		{91CB8E12-A37C-475A-ADC8-4AFE53B476C5}.CD_ROM|Mixed Platforms.Build.0 = Release|x86
		{91CB8E12-A37C-475A-ADC8-4AFE53B476C5}.CD_ROM|x86.ActiveCfg = Release|x86
		{91CB8E12-A37C-475A-ADC8-4AFE53B476C5}.CD_ROM|x86.Build.0 = Release|x86
		{91CB8E12-A37C-475A-ADC8-4AFE53B476C5}.Debug|Any CPU.ActiveCfg = Debug|x86
		{91CB8E12-A37C-475A-ADC8-4AFE53B476C5}.Debug|Mixed Platforms.ActiveCfg = Debug|x86
		{91CB8E12-A37C-475A-ADC8-4AFE53B476C5}.Debug|x86.ActiveCfg = Debug|x86
		{91CB8E12-A37C-475A-ADC8-4AFE53B476C5}.Debug|x86.Build.0 = Debug|x86
		{91CB8E12-A37C-475A-ADC8-4AFE53B476C5}.DVD-5|Any CPU.ActiveCfg = Debug|x86
		{91CB8E12-A37C-475A-ADC8-4AFE53B476C5}.DVD-5|Mixed Platforms.ActiveCfg = Debug|x86
		{91CB8E12-A37C-475A-ADC8-4AFE53B476C5}.DVD-5|Mixed Platforms.Build.0 = Debug|x86
		{91CB8E12-A37C-475A-ADC8-4AFE53B476C5}.DVD-5|x86.ActiveCfg = Debug|x86
		{91CB8E12-A37C-475A-ADC8-4AFE53B476C5}.DVD-5|x86.Build.0 = Debug|x86
		{91CB8E12-A37C-475A-ADC8-4AFE53B476C5}.Release|Any CPU.ActiveCfg = Release|x86
		{91CB8E12-A37C-475A-ADC8-4AFE53B476C5}.Release|Mixed Platforms.ActiveCfg = Release|x86
		{91CB8E12-A37C-475A-ADC8-4AFE53B476C5}.Release|Mixed Platforms.Build.0 = Release|x86
		{91CB8E12-A37C-475A-ADC8-4AFE53B476C5}.Release|x86.ActiveCfg = Release|x86
		{91CB8E12-A37C-475A-ADC8-4AFE53B476C5}.Release|x86.Build.0 = Release|x86
		{91CB8E12-A37C-475A-ADC8-4AFE53B476C5}.SingleImage|Any CPU.ActiveCfg = Release|x86
		{91CB8E12-A37C-475A-ADC8-4AFE53B476C5}.SingleImage|Mixed Platforms.ActiveCfg = Release|x86
		{91CB8E12-A37C-475A-ADC8-4AFE53B476C5}.SingleImage|Mixed Platforms.Build.0 = Release|x86
		{91CB8E12-A37C-475A-ADC8-4AFE53B476C5}.SingleImage|x86.ActiveCfg = Release|x86
		{91CB8E12-A37C-475A-ADC8-4AFE53B476C5}.SingleImage|x86.Build.0 = Release|x86
		{437AE1DE-D42A-481E-95DB-5AEC373F79B6}.CD_ROM|Any CPU.ActiveCfg = Release|Any CPU
		{437AE1DE-D42A-481E-95DB-5AEC373F79B6}.CD_ROM|Any CPU.Build.0 = Release|Any CPU
		{437AE1DE-D42A-481E-95DB-5AEC373F79B6}.CD_ROM|Mixed Platforms.ActiveCfg = Release|Any CPU
		{437AE1DE-D42A-481E-95DB-5AEC373F79B6}.CD_ROM|Mixed Platforms.Build.0 = Release|Any CPU
		{437AE1DE-D42A-481E-95DB-5AEC373F79B6}.CD_ROM|x86.ActiveCfg = Release|Any CPU
		{437AE1DE-D42A-481E-95DB-5AEC373F79B6}.Debug|Any CPU.ActiveCfg = Debug|Any CPU
		{437AE1DE-D42A-481E-95DB-5AEC373F79B6}.Debug|Any CPU.Build.0 = Debug|Any CPU
		{437AE1DE-D42A-481E-95DB-5AEC373F79B6}.Debug|Mixed Platforms.ActiveCfg = Debug|Any CPU
		{437AE1DE-D42A-481E-95DB-5AEC373F79B6}.Debug|Mixed Platforms.Build.0 = Debug|Any CPU
		{437AE1DE-D42A-481E-95DB-5AEC373F79B6}.Debug|x86.ActiveCfg = Debug|Any CPU
		{437AE1DE-D42A-481E-95DB-5AEC373F79B6}.DVD-5|Any CPU.ActiveCfg = Debug|Any CPU
		{437AE1DE-D42A-481E-95DB-5AEC373F79B6}.DVD-5|Any CPU.Build.0 = Debug|Any CPU
		{437AE1DE-D42A-481E-95DB-5AEC373F79B6}.DVD-5|Mixed Platforms.ActiveCfg = Debug|Any CPU
		{437AE1DE-D42A-481E-95DB-5AEC373F79B6}.DVD-5|Mixed Platforms.Build.0 = Debug|Any CPU
		{437AE1DE-D42A-481E-95DB-5AEC373F79B6}.DVD-5|x86.ActiveCfg = Debug|Any CPU
		{437AE1DE-D42A-481E-95DB-5AEC373F79B6}.Release|Any CPU.ActiveCfg = Release|Any CPU
		{437AE1DE-D42A-481E-95DB-5AEC373F79B6}.Release|Any CPU.Build.0 = Release|Any CPU
		{437AE1DE-D42A-481E-95DB-5AEC373F79B6}.Release|Mixed Platforms.ActiveCfg = Release|Any CPU
		{437AE1DE-D42A-481E-95DB-5AEC373F79B6}.Release|Mixed Platforms.Build.0 = Release|Any CPU
		{437AE1DE-D42A-481E-95DB-5AEC373F79B6}.Release|x86.ActiveCfg = Release|Any CPU
		{437AE1DE-D42A-481E-95DB-5AEC373F79B6}.SingleImage|Any CPU.ActiveCfg = Release|Any CPU
		{437AE1DE-D42A-481E-95DB-5AEC373F79B6}.SingleImage|Any CPU.Build.0 = Release|Any CPU
		{437AE1DE-D42A-481E-95DB-5AEC373F79B6}.SingleImage|Mixed Platforms.ActiveCfg = Release|Any CPU
		{437AE1DE-D42A-481E-95DB-5AEC373F79B6}.SingleImage|Mixed Platforms.Build.0 = Release|Any CPU
		{437AE1DE-D42A-481E-95DB-5AEC373F79B6}.SingleImage|x86.ActiveCfg = Release|Any CPU
	EndGlobalSection
	GlobalSection(SolutionProperties) = preSolution
		HideSolutionNode = FALSE
	EndGlobalSection
	GlobalSection(NestedProjects) = preSolution
		{50312C1C-ADFA-4802-BF62-E03A53694B9C} = {E2018A68-DD83-47E2-B98A-2F66550C8FA4}
		{64376B99-90E4-40EE-A20A-68D97C8B1835} = {E2018A68-DD83-47E2-B98A-2F66550C8FA4}
		{DAA7B32B-75DD-4471-8AE0-785E2ABF0AD4} = {E2018A68-DD83-47E2-B98A-2F66550C8FA4}
		{9B19A36D-B5EA-4AA2-99B1-35CC9BAE5F0C} = {E2018A68-DD83-47E2-B98A-2F66550C8FA4}
		{3FE4BFD2-8511-4943-BCCC-7471EB4FBF44} = {E2018A68-DD83-47E2-B98A-2F66550C8FA4}
		{DF5455AB-DEC9-4AA0-9D0C-E6D911EEF390} = {AD277302-6CB9-4B09-BDC7-D32CB688DC1D}
		{F433ABFE-7D25-4770-AB2C-2B14899B9C27} = {AD277302-6CB9-4B09-BDC7-D32CB688DC1D}
		{70784D58-80D0-473E-AE15-3F80077AC1AA} = {089E3DF9-9DFC-4402-8006-0C892AB9C5F8}
		{BE7E79D1-1B37-4784-9BF1-112F4E9B53F5} = {089E3DF9-9DFC-4402-8006-0C892AB9C5F8}
		{D9910073-2FFF-4334-BFA2-709824F624F3} = {089E3DF9-9DFC-4402-8006-0C892AB9C5F8}
		{78B486B3-1CA9-49E8-A5DD-051396715D68} = {089E3DF9-9DFC-4402-8006-0C892AB9C5F8}
		{E5CA4EC7-98D8-4C68-B311-C2DA50B5BFFC} = {089E3DF9-9DFC-4402-8006-0C892AB9C5F8}
		{70BD2AF2-4C21-48CE-B3D0-D52E2E290E6F} = {089E3DF9-9DFC-4402-8006-0C892AB9C5F8}
		{D087DF66-9B8F-4BB1-AE43-7AB5789E176F} = {089E3DF9-9DFC-4402-8006-0C892AB9C5F8}
		{C8305FA7-62EE-4599-B509-F1BEFFD51986} = {089E3DF9-9DFC-4402-8006-0C892AB9C5F8}
		{7CF76C6F-56D4-41B0-B948-34DE1ECE518D} = {089E3DF9-9DFC-4402-8006-0C892AB9C5F8}
		{91CB8E12-A37C-475A-ADC8-4AFE53B476C5} = {089E3DF9-9DFC-4402-8006-0C892AB9C5F8}
		{437AE1DE-D42A-481E-95DB-5AEC373F79B6} = {089E3DF9-9DFC-4402-8006-0C892AB9C5F8}
		{937D938A-DA5A-410C-A972-161E2E93A83D} = {600EE206-13CF-4A86-82EA-894E87A26C45}
		{F0BCE1B5-7734-4D68-B577-C161B4CC50CC} = {600EE206-13CF-4A86-82EA-894E87A26C45}
		{C8E6303A-F86E-491A-A291-BA307290D994} = {600EE206-13CF-4A86-82EA-894E87A26C45}
		{FC65CE61-C4D3-4380-8CEA-316311BC6271} = {600EE206-13CF-4A86-82EA-894E87A26C45}
		{4E2AE830-400F-4524-96FE-A8FE847FCF02} = {600EE206-13CF-4A86-82EA-894E87A26C45}
		{24D045C9-0944-4165-B98A-D701543C72E6} = {600EE206-13CF-4A86-82EA-894E87A26C45}
	EndGlobalSection
EndGlobal
